
Microsoft Visual Studio Solution File, Format Version 12.00
# Visual Studio 2012
Project("{FAE04EC0-301F-11D3-BF4B-00C04F79EFBC}") = "RevitServer2014", "RevitServer\RevitServer2014.csproj", "{013AC102-4C2E-4EEF-9186-4D625E3D0743}"
EndProject
Project("{FAE04EC0-301F-11D3-BF4B-00C04F79EFBC}") = "ConnectionTest", "ConnectionTest\ConnectionTest.csproj", "{9B212BC8-28A6-49DE-A9CB-1EFFC55435BC}"
EndProject
Project("{FAE04EC0-301F-11D3-BF4B-00C04F79EFBC}") = "LyrebirdCommon", "LyrebirdCommon\LyrebirdCommon.csproj", "{A4670D37-FA64-4490-88A9-9887230CD0F2}"
EndProject
Project("{FAE04EC0-301F-11D3-BF4B-00C04F79EFBC}") = "GHClient", "GHClient\GHClient.csproj", "{FC26E0D7-C8C1-4619-9A99-78A13D400797}"
EndProject
Project("{FAE04EC0-301F-11D3-BF4B-00C04F79EFBC}") = "RevitServer", "Revit2015\RevitServer.csproj", "{4302BD5B-44A2-4F67-94A3-A9B3A31FFC02}"
EndProject
Project("{FAE04EC0-301F-11D3-BF4B-00C04F79EFBC}") = "Revit2016", "Revit2016\Revit2016.csproj", "{6685C258-D28F-4424-9682-523D046376F9}"
EndProject
Global
	GlobalSection(SolutionConfigurationPlatforms) = preSolution
		Debug|Any CPU = Debug|Any CPU
		Release|Any CPU = Release|Any CPU
	EndGlobalSection
	GlobalSection(ProjectConfigurationPlatforms) = postSolution
		{013AC102-4C2E-4EEF-9186-4D625E3D0743}.Debug|Any CPU.ActiveCfg = Debug|Any CPU
		{013AC102-4C2E-4EEF-9186-4D625E3D0743}.Debug|Any CPU.Build.0 = Debug|Any CPU
		{013AC102-4C2E-4EEF-9186-4D625E3D0743}.Release|Any CPU.ActiveCfg = Release|Any CPU
		{013AC102-4C2E-4EEF-9186-4D625E3D0743}.Release|Any CPU.Build.0 = Release|Any CPU
		{9B212BC8-28A6-49DE-A9CB-1EFFC55435BC}.Debug|Any CPU.ActiveCfg = Debug|Any CPU
		{9B212BC8-28A6-49DE-A9CB-1EFFC55435BC}.Debug|Any CPU.Build.0 = Debug|Any CPU
		{9B212BC8-28A6-49DE-A9CB-1EFFC55435BC}.Release|Any CPU.ActiveCfg = Release|Any CPU
		{9B212BC8-28A6-49DE-A9CB-1EFFC55435BC}.Release|Any CPU.Build.0 = Release|Any CPU
		{A4670D37-FA64-4490-88A9-9887230CD0F2}.Debug|Any CPU.ActiveCfg = Debug|Any CPU
		{A4670D37-FA64-4490-88A9-9887230CD0F2}.Debug|Any CPU.Build.0 = Debug|Any CPU
		{A4670D37-FA64-4490-88A9-9887230CD0F2}.Release|Any CPU.ActiveCfg = Release|Any CPU
		{A4670D37-FA64-4490-88A9-9887230CD0F2}.Release|Any CPU.Build.0 = Release|Any CPU
		{FC26E0D7-C8C1-4619-9A99-78A13D400797}.Debug|Any CPU.ActiveCfg = Debug|Any CPU
		{FC26E0D7-C8C1-4619-9A99-78A13D400797}.Debug|Any CPU.Build.0 = Debug|Any CPU
		{FC26E0D7-C8C1-4619-9A99-78A13D400797}.Release|Any CPU.ActiveCfg = Release|Any CPU
		{FC26E0D7-C8C1-4619-9A99-78A13D400797}.Release|Any CPU.Build.0 = Release|Any CPU
		{4302BD5B-44A2-4F67-94A3-A9B3A31FFC02}.Debug|Any CPU.ActiveCfg = Debug|Any CPU
		{4302BD5B-44A2-4F67-94A3-A9B3A31FFC02}.Debug|Any CPU.Build.0 = Debug|Any CPU
		{4302BD5B-44A2-4F67-94A3-A9B3A31FFC02}.Release|Any CPU.ActiveCfg = Release|Any CPU
		{4302BD5B-44A2-4F67-94A3-A9B3A31FFC02}.Release|Any CPU.Build.0 = Release|Any CPU
		{6685C258-D28F-4424-9682-523D046376F9}.Debug|Any CPU.ActiveCfg = Debug|Any CPU
		{6685C258-D28F-4424-9682-523D046376F9}.Debug|Any CPU.Build.0 = Debug|Any CPU
		{6685C258-D28F-4424-9682-523D046376F9}.Release|Any CPU.ActiveCfg = Release|Any CPU
		{6685C258-D28F-4424-9682-523D046376F9}.Release|Any CPU.Build.0 = Release|Any CPU
	EndGlobalSection
	GlobalSection(SolutionProperties) = preSolution
		HideSolutionNode = FALSE
	EndGlobalSection
EndGlobal
