
Microsoft Visual Studio Solution File, Format Version 12.00
# Visual Studio 14
VisualStudioVersion = 14.0.25420.1
MinimumVisualStudioVersion = 10.0.40219.1
Project("{FAE04EC0-301F-11D3-BF4B-00C04F79EFBC}") = "RevitLyrebirdServer", "RevitLyrebirdServer\RevitLyrebirdServer.csproj", "{F6C80FA6-9C7F-42E8-8D8F-D4D502DDDDE4}"
EndProject
Project("{FAE04EC0-301F-11D3-BF4B-00C04F79EFBC}") = "LyrebirdCommon", "LyrebirdCommon\LyrebirdCommon.csproj", "{DF6F47F7-7FE9-436C-A208-04323218F824}"
EndProject
Project("{FAE04EC0-301F-11D3-BF4B-00C04F79EFBC}") = "LyrebirdGHClient", "GHLyrebirdClient\LyrebirdGHClient.csproj", "{8CE9AC94-9A33-4A89-B74D-6B0D6731CBE1}"
EndProject
Project("{FAE04EC0-301F-11D3-BF4B-00C04F79EFBC}") = "CameraSync", "CameraSync\CameraSync.csproj", "{26ACD99D-2F6B-4AC5-924E-F954380351E3}"
EndProject
Global
	GlobalSection(SolutionConfigurationPlatforms) = preSolution
		Debug|Any CPU = Debug|Any CPU
		Debug|x64 = Debug|x64
		Debug32|Any CPU = Debug32|Any CPU
		Debug32|x64 = Debug32|x64
		Debug64|Any CPU = Debug64|Any CPU
		Debug64|x64 = Debug64|x64
		Release|Any CPU = Release|Any CPU
		Release|x64 = Release|x64
	EndGlobalSection
	GlobalSection(ProjectConfigurationPlatforms) = postSolution
		{F6C80FA6-9C7F-42E8-8D8F-D4D502DDDDE4}.Debug|Any CPU.ActiveCfg = Debug|Any CPU
		{F6C80FA6-9C7F-42E8-8D8F-D4D502DDDDE4}.Debug|Any CPU.Build.0 = Debug|Any CPU
		{F6C80FA6-9C7F-42E8-8D8F-D4D502DDDDE4}.Debug|x64.ActiveCfg = Debug|x64
		{F6C80FA6-9C7F-42E8-8D8F-D4D502DDDDE4}.Debug|x64.Build.0 = Debug|x64
		{F6C80FA6-9C7F-42E8-8D8F-D4D502DDDDE4}.Debug32|Any CPU.ActiveCfg = Debug|Any CPU
		{F6C80FA6-9C7F-42E8-8D8F-D4D502DDDDE4}.Debug32|Any CPU.Build.0 = Debug|Any CPU
		{F6C80FA6-9C7F-42E8-8D8F-D4D502DDDDE4}.Debug32|x64.ActiveCfg = Debug|x64
		{F6C80FA6-9C7F-42E8-8D8F-D4D502DDDDE4}.Debug32|x64.Build.0 = Debug|x64
		{F6C80FA6-9C7F-42E8-8D8F-D4D502DDDDE4}.Debug64|Any CPU.ActiveCfg = Debug|Any CPU
		{F6C80FA6-9C7F-42E8-8D8F-D4D502DDDDE4}.Debug64|Any CPU.Build.0 = Debug|Any CPU
		{F6C80FA6-9C7F-42E8-8D8F-D4D502DDDDE4}.Debug64|x64.ActiveCfg = Debug|x64
		{F6C80FA6-9C7F-42E8-8D8F-D4D502DDDDE4}.Debug64|x64.Build.0 = Debug|x64
		{F6C80FA6-9C7F-42E8-8D8F-D4D502DDDDE4}.Release|Any CPU.ActiveCfg = Release|Any CPU
		{F6C80FA6-9C7F-42E8-8D8F-D4D502DDDDE4}.Release|Any CPU.Build.0 = Release|Any CPU
		{F6C80FA6-9C7F-42E8-8D8F-D4D502DDDDE4}.Release|x64.ActiveCfg = Release|x64
		{F6C80FA6-9C7F-42E8-8D8F-D4D502DDDDE4}.Release|x64.Build.0 = Release|x64
		{DF6F47F7-7FE9-436C-A208-04323218F824}.Debug|Any CPU.ActiveCfg = Debug|Any CPU
		{DF6F47F7-7FE9-436C-A208-04323218F824}.Debug|Any CPU.Build.0 = Debug|Any CPU
		{DF6F47F7-7FE9-436C-A208-04323218F824}.Debug|x64.ActiveCfg = Debug|x64
		{DF6F47F7-7FE9-436C-A208-04323218F824}.Debug|x64.Build.0 = Debug|x64
		{DF6F47F7-7FE9-436C-A208-04323218F824}.Debug32|Any CPU.ActiveCfg = Debug|Any CPU
		{DF6F47F7-7FE9-436C-A208-04323218F824}.Debug32|Any CPU.Build.0 = Debug|Any CPU
		{DF6F47F7-7FE9-436C-A208-04323218F824}.Debug32|x64.ActiveCfg = Debug|x64
		{DF6F47F7-7FE9-436C-A208-04323218F824}.Debug32|x64.Build.0 = Debug|x64
		{DF6F47F7-7FE9-436C-A208-04323218F824}.Debug64|Any CPU.ActiveCfg = Debug|Any CPU
		{DF6F47F7-7FE9-436C-A208-04323218F824}.Debug64|Any CPU.Build.0 = Debug|Any CPU
		{DF6F47F7-7FE9-436C-A208-04323218F824}.Debug64|x64.ActiveCfg = Debug|x64
		{DF6F47F7-7FE9-436C-A208-04323218F824}.Debug64|x64.Build.0 = Debug|x64
		{DF6F47F7-7FE9-436C-A208-04323218F824}.Release|Any CPU.ActiveCfg = Release|Any CPU
		{DF6F47F7-7FE9-436C-A208-04323218F824}.Release|Any CPU.Build.0 = Release|Any CPU
		{DF6F47F7-7FE9-436C-A208-04323218F824}.Release|x64.ActiveCfg = Release|x64
		{DF6F47F7-7FE9-436C-A208-04323218F824}.Release|x64.Build.0 = Release|x64
		{8CE9AC94-9A33-4A89-B74D-6B0D6731CBE1}.Debug|Any CPU.ActiveCfg = Debug|Any CPU
		{8CE9AC94-9A33-4A89-B74D-6B0D6731CBE1}.Debug|Any CPU.Build.0 = Debug|Any CPU
		{8CE9AC94-9A33-4A89-B74D-6B0D6731CBE1}.Debug|x64.ActiveCfg = Debug|x64
		{8CE9AC94-9A33-4A89-B74D-6B0D6731CBE1}.Debug|x64.Build.0 = Debug|x64
		{8CE9AC94-9A33-4A89-B74D-6B0D6731CBE1}.Debug32|Any CPU.ActiveCfg = Debug|Any CPU
		{8CE9AC94-9A33-4A89-B74D-6B0D6731CBE1}.Debug32|Any CPU.Build.0 = Debug|Any CPU
		{8CE9AC94-9A33-4A89-B74D-6B0D6731CBE1}.Debug32|x64.ActiveCfg = Debug|x64
		{8CE9AC94-9A33-4A89-B74D-6B0D6731CBE1}.Debug32|x64.Build.0 = Debug|x64
		{8CE9AC94-9A33-4A89-B74D-6B0D6731CBE1}.Debug64|Any CPU.ActiveCfg = Debug|Any CPU
		{8CE9AC94-9A33-4A89-B74D-6B0D6731CBE1}.Debug64|Any CPU.Build.0 = Debug|Any CPU
		{8CE9AC94-9A33-4A89-B74D-6B0D6731CBE1}.Debug64|x64.ActiveCfg = Debug|x64
		{8CE9AC94-9A33-4A89-B74D-6B0D6731CBE1}.Debug64|x64.Build.0 = Debug|x64
		{8CE9AC94-9A33-4A89-B74D-6B0D6731CBE1}.Release|Any CPU.ActiveCfg = Release|Any CPU
		{8CE9AC94-9A33-4A89-B74D-6B0D6731CBE1}.Release|Any CPU.Build.0 = Release|Any CPU
		{8CE9AC94-9A33-4A89-B74D-6B0D6731CBE1}.Release|x64.ActiveCfg = Release|x64
		{8CE9AC94-9A33-4A89-B74D-6B0D6731CBE1}.Release|x64.Build.0 = Release|x64
		{26ACD99D-2F6B-4AC5-924E-F954380351E3}.Debug|Any CPU.ActiveCfg = Debug64|Any CPU
		{26ACD99D-2F6B-4AC5-924E-F954380351E3}.Debug|Any CPU.Build.0 = Debug64|Any CPU
		{26ACD99D-2F6B-4AC5-924E-F954380351E3}.Debug|x64.ActiveCfg = Debug64|Any CPU
		{26ACD99D-2F6B-4AC5-924E-F954380351E3}.Debug|x64.Build.0 = Debug64|Any CPU
		{26ACD99D-2F6B-4AC5-924E-F954380351E3}.Debug32|Any CPU.ActiveCfg = Debug32|Any CPU
		{26ACD99D-2F6B-4AC5-924E-F954380351E3}.Debug32|Any CPU.Build.0 = Debug32|Any CPU
		{26ACD99D-2F6B-4AC5-924E-F954380351E3}.Debug32|x64.ActiveCfg = Debug32|Any CPU
		{26ACD99D-2F6B-4AC5-924E-F954380351E3}.Debug32|x64.Build.0 = Debug32|Any CPU
		{26ACD99D-2F6B-4AC5-924E-F954380351E3}.Debug64|Any CPU.ActiveCfg = Debug64|Any CPU
		{26ACD99D-2F6B-4AC5-924E-F954380351E3}.Debug64|Any CPU.Build.0 = Debug64|Any CPU
		{26ACD99D-2F6B-4AC5-924E-F954380351E3}.Debug64|x64.ActiveCfg = Debug64|Any CPU
		{26ACD99D-2F6B-4AC5-924E-F954380351E3}.Debug64|x64.Build.0 = Debug64|Any CPU
		{26ACD99D-2F6B-4AC5-924E-F954380351E3}.Release|Any CPU.ActiveCfg = Release|Any CPU
		{26ACD99D-2F6B-4AC5-924E-F954380351E3}.Release|Any CPU.Build.0 = Release|Any CPU
		{26ACD99D-2F6B-4AC5-924E-F954380351E3}.Release|x64.ActiveCfg = Release|Any CPU
		{26ACD99D-2F6B-4AC5-924E-F954380351E3}.Release|x64.Build.0 = Release|Any CPU
	EndGlobalSection
	GlobalSection(SolutionProperties) = preSolution
		HideSolutionNode = FALSE
	EndGlobalSection
EndGlobal
